
Microsoft Visual Studio Solution File, Format Version 12.00
# Visual Studio Version 17
VisualStudioVersion = 17.4.33205.214
MinimumVisualStudioVersion = 10.0.40219.1
Project("{FAE04EC0-301F-11D3-BF4B-00C04F79EFBC}") = "USB", "USB\USB.csproj", "{BB2B381B-21EC-43CA-9EA5-D5CF31288EB5}"
EndProject
Global
	GlobalSection(SolutionConfigurationPlatforms) = preSolution
		Debug|Any CPU = Debug|Any CPU
		Release|Any CPU = Release|Any CPU
	EndGlobalSection
	GlobalSection(ProjectConfigurationPlatforms) = postSolution
		{BB2B381B-21EC-43CA-9EA5-D5CF31288EB5}.Debug|Any CPU.ActiveCfg = Debug|Any CPU
		{BB2B381B-21EC-43CA-9EA5-D5CF31288EB5}.Debug|Any CPU.Build.0 = Debug|Any CPU
		{BB2B381B-21EC-43CA-9EA5-D5CF31288EB5}.Release|Any CPU.ActiveCfg = Release|Any CPU
		{BB2B381B-21EC-43CA-9EA5-D5CF31288EB5}.Release|Any CPU.Build.0 = Release|Any CPU
	EndGlobalSection
	GlobalSection(SolutionProperties) = preSolution
		HideSolutionNode = FALSE
	EndGlobalSection
	GlobalSection(ExtensibilityGlobals) = postSolution
		SolutionGuid = {BC17638C-C041-4A49-9259-51F435922AE5}
	EndGlobalSection
EndGlobal
